
Microsoft Visual Studio Solution File, Format Version 12.00
# Visual Studio Version 17
VisualStudioVersion = 17.7.34221.43
MinimumVisualStudioVersion = 10.0.40219.1
Project("{FAE04EC0-301F-11D3-BF4B-00C04F79EFBC}") = "mecansime", "mecansime.csproj", "{24493A16-AB51-4141-970F-172B69013185}"
EndProject
Global
	GlobalSection(SolutionConfigurationPlatforms) = preSolution
		Debug|Any CPU = Debug|Any CPU
		Release|Any CPU = Release|Any CPU
	EndGlobalSection
	GlobalSection(ProjectConfigurationPlatforms) = postSolution
		{24493A16-AB51-4141-970F-172B69013185}.Debug|Any CPU.ActiveCfg = Debug|Any CPU
		{24493A16-AB51-4141-970F-172B69013185}.Debug|Any CPU.Build.0 = Debug|Any CPU
		{24493A16-AB51-4141-970F-172B69013185}.Release|Any CPU.ActiveCfg = Release|Any CPU
		{24493A16-AB51-4141-970F-172B69013185}.Release|Any CPU.Build.0 = Release|Any CPU
	EndGlobalSection
	GlobalSection(SolutionProperties) = preSolution
		HideSolutionNode = FALSE
	EndGlobalSection
	GlobalSection(ExtensibilityGlobals) = postSolution
		SolutionGuid = {0EE5B9EB-8CBC-4962-AF37-38D1A8AC9BBA}
	EndGlobalSection
EndGlobal
