
Microsoft Visual Studio Solution File, Format Version 12.00
# Visual Studio Version 17
VisualStudioVersion = 17.7.34221.43
MinimumVisualStudioVersion = 10.0.40219.1
Project("{FAE04EC0-301F-11D3-BF4B-00C04F79EFBC}") = "barrier", "barrier.csproj", "{60DEE4FE-0BA1-414F-9D54-7BB408B8220B}"
EndProject
Global
	GlobalSection(SolutionConfigurationPlatforms) = preSolution
		Debug|Any CPU = Debug|Any CPU
		Release|Any CPU = Release|Any CPU
	EndGlobalSection
	GlobalSection(ProjectConfigurationPlatforms) = postSolution
		{60DEE4FE-0BA1-414F-9D54-7BB408B8220B}.Debug|Any CPU.ActiveCfg = Debug|Any CPU
		{60DEE4FE-0BA1-414F-9D54-7BB408B8220B}.Debug|Any CPU.Build.0 = Debug|Any CPU
		{60DEE4FE-0BA1-414F-9D54-7BB408B8220B}.Release|Any CPU.ActiveCfg = Release|Any CPU
		{60DEE4FE-0BA1-414F-9D54-7BB408B8220B}.Release|Any CPU.Build.0 = Release|Any CPU
	EndGlobalSection
	GlobalSection(SolutionProperties) = preSolution
		HideSolutionNode = FALSE
	EndGlobalSection
	GlobalSection(ExtensibilityGlobals) = postSolution
		SolutionGuid = {25935D5B-5C65-4729-A42A-E7F57F6D3AAE}
	EndGlobalSection
EndGlobal
