
Microsoft Visual Studio Solution File, Format Version 12.00
# Visual Studio Version 16
VisualStudioVersion = 16.0.32802.440
MinimumVisualStudioVersion = 10.0.40219.1
Project("{FAE04EC0-301F-11D3-BF4B-00C04F79EFBC}") = "ClientFindNumber", "ClientFindNumber\ClientFindNumber.csproj", "{64E899CB-8393-443D-9F35-3F20517DF1E4}"
EndProject
Project("{FAE04EC0-301F-11D3-BF4B-00C04F79EFBC}") = "ServerFindNumber", "ServerFindNumber\ServerFindNumber.csproj", "{D3473170-1497-48C2-AD00-EA591E605D95}"
EndProject
Global
	GlobalSection(SolutionConfigurationPlatforms) = preSolution
		Debug|Any CPU = Debug|Any CPU
		Release|Any CPU = Release|Any CPU
	EndGlobalSection
	GlobalSection(ProjectConfigurationPlatforms) = postSolution
		{64E899CB-8393-443D-9F35-3F20517DF1E4}.Debug|Any CPU.ActiveCfg = Debug|Any CPU
		{64E899CB-8393-443D-9F35-3F20517DF1E4}.Debug|Any CPU.Build.0 = Debug|Any CPU
		{64E899CB-8393-443D-9F35-3F20517DF1E4}.Release|Any CPU.ActiveCfg = Release|Any CPU
		{64E899CB-8393-443D-9F35-3F20517DF1E4}.Release|Any CPU.Build.0 = Release|Any CPU
		{D3473170-1497-48C2-AD00-EA591E605D95}.Debug|Any CPU.ActiveCfg = Debug|Any CPU
		{D3473170-1497-48C2-AD00-EA591E605D95}.Debug|Any CPU.Build.0 = Debug|Any CPU
		{D3473170-1497-48C2-AD00-EA591E605D95}.Release|Any CPU.ActiveCfg = Release|Any CPU
		{D3473170-1497-48C2-AD00-EA591E605D95}.Release|Any CPU.Build.0 = Release|Any CPU
	EndGlobalSection
	GlobalSection(SolutionProperties) = preSolution
		HideSolutionNode = FALSE
	EndGlobalSection
	GlobalSection(ExtensibilityGlobals) = postSolution
		SolutionGuid = {9C83B459-4B6B-4FED-8BC2-C051A2600605}
	EndGlobalSection
EndGlobal
