
Microsoft Visual Studio Solution File, Format Version 12.00
# Visual Studio Version 17
VisualStudioVersion = 17.7.34221.43
MinimumVisualStudioVersion = 10.0.40219.1
Project("{FAE04EC0-301F-11D3-BF4B-00C04F79EFBC}") = "mutex", "mutex.csproj", "{B0C1AE8D-133D-4DA2-9488-F859AE352F23}"
EndProject
Global
	GlobalSection(SolutionConfigurationPlatforms) = preSolution
		Debug|Any CPU = Debug|Any CPU
		Release|Any CPU = Release|Any CPU
	EndGlobalSection
	GlobalSection(ProjectConfigurationPlatforms) = postSolution
		{B0C1AE8D-133D-4DA2-9488-F859AE352F23}.Debug|Any CPU.ActiveCfg = Debug|Any CPU
		{B0C1AE8D-133D-4DA2-9488-F859AE352F23}.Debug|Any CPU.Build.0 = Debug|Any CPU
		{B0C1AE8D-133D-4DA2-9488-F859AE352F23}.Release|Any CPU.ActiveCfg = Release|Any CPU
		{B0C1AE8D-133D-4DA2-9488-F859AE352F23}.Release|Any CPU.Build.0 = Release|Any CPU
	EndGlobalSection
	GlobalSection(SolutionProperties) = preSolution
		HideSolutionNode = FALSE
	EndGlobalSection
	GlobalSection(ExtensibilityGlobals) = postSolution
		SolutionGuid = {6469D8DA-5503-44D4-BFFE-C12AD7D6F4D3}
	EndGlobalSection
EndGlobal
