
Microsoft Visual Studio Solution File, Format Version 12.00
# Visual Studio Version 17
VisualStudioVersion = 17.7.34221.43
MinimumVisualStudioVersion = 10.0.40219.1
Project("{FAE04EC0-301F-11D3-BF4B-00C04F79EFBC}") = "Serveur", "Serveur.csproj", "{154D3B53-7E07-42A5-BBCA-D45312264CFE}"
EndProject
Global
	GlobalSection(SolutionConfigurationPlatforms) = preSolution
		Debug|Any CPU = Debug|Any CPU
		Release|Any CPU = Release|Any CPU
	EndGlobalSection
	GlobalSection(ProjectConfigurationPlatforms) = postSolution
		{154D3B53-7E07-42A5-BBCA-D45312264CFE}.Debug|Any CPU.ActiveCfg = Debug|Any CPU
		{154D3B53-7E07-42A5-BBCA-D45312264CFE}.Debug|Any CPU.Build.0 = Debug|Any CPU
		{154D3B53-7E07-42A5-BBCA-D45312264CFE}.Release|Any CPU.ActiveCfg = Release|Any CPU
		{154D3B53-7E07-42A5-BBCA-D45312264CFE}.Release|Any CPU.Build.0 = Release|Any CPU
	EndGlobalSection
	GlobalSection(SolutionProperties) = preSolution
		HideSolutionNode = FALSE
	EndGlobalSection
	GlobalSection(ExtensibilityGlobals) = postSolution
		SolutionGuid = {9E7A283E-FCDE-4AEF-BC5F-3A6C3D854427}
	EndGlobalSection
EndGlobal
